<?xml version="1.0" encoding="utf-8"?>
<Project ToolsVersion="4.0" xmlns="http://schemas.microsoft.com/developer/msbuild/2003">
  <ItemGroup>
    <Filter Include="Source Files">
      <UniqueIdentifier>{4FC737F1-C7A5-4376-A066-2A32D752A2FF}</UniqueIdentifier>
      <Extensions>cpp;c;cc;cxx;c++;cppm;ixx;def;odl;idl;hpj;bat;asm;asmx</Extensions>
    </Filter>
    <Filter Include="Header Files">
      <UniqueIdentifier>{93995380-89BD-4b04-88EB-625FBE52EBFB}</UniqueIdentifier>
      <Extensions>h;hh;hpp;hxx;h++;hm;inl;inc;ipp;xsd</Extensions>
    </Filter>
    <Filter Include="Resource Files">
      <UniqueIdentifier>{67DA6AB6-F800-4c08-8B7A-83BB121AAD01}</UniqueIdentifier>
      <Extensions>rc;ico;cur;bmp;dlg;rc2;rct;bin;rgs;gif;jpg;jpeg;jpe;resx;tiff;tif;png;wav;mfcribbon-ms</Extensions>
    </Filter>
    <Filter Include="Header Files\Light Casters">
      <UniqueIdentifier>{49e1fdf1-58fc-43b2-9430-52c68a422863}</UniqueIdentifier>
    </Filter>
    <Filter Include="Source Files\Light Casters">
      <UniqueIdentifier>{1861d599-99f7-4772-9e21-798b8e955697}</UniqueIdentifier>
    </Filter>
    <Filter Include="Resource Files\deffered shading">
      <UniqueIdentifier>{39c65ad9-feb7-433a-a7ad-96a74f8c489f}</UniqueIdentifier>
    </Filter>
    <Filter Include="Source Files\Camera">
      <UniqueIdentifier>{e445fb18-11ea-4c74-993e-9fba941fd740}</UniqueIdentifier>
    </Filter>
    <Filter Include="Header Files\Camera">
      <UniqueIdentifier>{45b89ace-8fab-4c28-8ae2-742f2a39926c}</UniqueIdentifier>
    </Filter>
    <Filter Include="Source Files\Model">
      <UniqueIdentifier>{de353dc2-9f4c-4658-9e1c-4d1388db22d6}</UniqueIdentifier>
    </Filter>
    <Filter Include="Header Files\Model">
      <UniqueIdentifier>{993180e1-f179-4ea3-8af1-9dd1315a8c39}</UniqueIdentifier>
    </Filter>
  </ItemGroup>
  <ItemGroup>
    <ClCompile Include="Application.cpp">
      <Filter>Source Files</Filter>
    </ClCompile>
    <ClCompile Include="Shader.cpp">
      <Filter>Source Files</Filter>
    </ClCompile>
    <ClCompile Include="DirectionalLight.cpp">
      <Filter>Source Files\Light Casters</Filter>
    </ClCompile>
    <ClCompile Include="Light.cpp">
      <Filter>Source Files\Light Casters</Filter>
    </ClCompile>
    <ClCompile Include="PointLight.cpp">
      <Filter>Source Files\Light Casters</Filter>
    </ClCompile>
    <ClCompile Include="SpotLight.cpp">
      <Filter>Source Files\Light Casters</Filter>
    </ClCompile>
    <ClCompile Include="Camera.cpp">
      <Filter>Source Files\Camera</Filter>
    </ClCompile>
    <ClCompile Include="FreeCamera.cpp">
      <Filter>Source Files\Camera</Filter>
    </ClCompile>
    <ClCompile Include="Model.cpp">
      <Filter>Source Files\Model</Filter>
    </ClCompile>
    <ClCompile Include="Mesh.cpp">
      <Filter>Source Files\Model</Filter>
    </ClCompile>
  </ItemGroup>
  <ItemGroup>
    <ClInclude Include="Shader.h">
      <Filter>Header Files</Filter>
    </ClInclude>
    <ClInclude Include="stb_image.h">
      <Filter>Header Files</Filter>
    </ClInclude>
    <ClInclude Include="Light.h">
      <Filter>Header Files\Light Casters</Filter>
    </ClInclude>
    <ClInclude Include="SpotLight.h">
      <Filter>Header Files\Light Casters</Filter>
    </ClInclude>
    <ClInclude Include="PointLight.h">
      <Filter>Header Files\Light Casters</Filter>
    </ClInclude>
    <ClInclude Include="DirectionalLight.h">
      <Filter>Header Files\Light Casters</Filter>
    </ClInclude>
    <ClInclude Include="FreeCamera.h">
      <Filter>Header Files\Camera</Filter>
    </ClInclude>
    <ClInclude Include="Camera.h">
      <Filter>Header Files\Camera</Filter>
    </ClInclude>
    <ClInclude Include="Mesh.h">
      <Filter>Header Files\Model</Filter>
    </ClInclude>
    <ClInclude Include="Model.h">
      <Filter>Header Files\Model</Filter>
    </ClInclude>
    <ClInclude Include="data.h">
      <Filter>Header Files</Filter>
    </ClInclude>
  </ItemGroup>
  <ItemGroup>
    <None Include="basic_lighting.fs">
      <Filter>Resource Files</Filter>
    </None>
    <None Include="basic_lighting.vs">
      <Filter>Resource Files</Filter>
    </None>
    <None Include="light_cube.fs">
      <Filter>Resource Files</Filter>
    </None>
    <None Include="light_cube.vs">
      <Filter>Resource Files</Filter>
    </None>
    <None Include="model_loading.fs">
      <Filter>Resource Files</Filter>
    </None>
    <None Include="model_loading.vs">
      <Filter>Resource Files</Filter>
    </None>
    <None Include="skybox.fs">
      <Filter>Resource Files</Filter>
    </None>
    <None Include="skybox.vs">
      <Filter>Resource Files</Filter>
    </None>
    <None Include="model_loading_gourand.fs">
      <Filter>Resource Files</Filter>
    </None>
    <None Include="model_loading_gourand.vs">
      <Filter>Resource Files</Filter>
    </None>
    <None Include="deffered_shading.vs">
      <Filter>Resource Files\deffered shading</Filter>
    </None>
    <None Include="deffered_shading.fs">
      <Filter>Resource Files\deffered shading</Filter>
    </None>
    <None Include="deffered_lighting.fs">
      <Filter>Resource Files\deffered shading</Filter>
    </None>
    <None Include="deffered_lighting.vs">
      <Filter>Resource Files\deffered shading</Filter>
    </None>
  </ItemGroup>
</Project>